
Microsoft Visual Studio Solution File, Format Version 12.00
# Visual Studio 15
VisualStudioVersion = 15.0.28307.645
MinimumVisualStudioVersion = 10.0.40219.1
Project("{FAE04EC0-301F-11D3-BF4B-00C04F79EFBC}") = "NadavHammerExPage15", "NadavHammerExPage15\NadavHammerExPage15.csproj", "{19E6E686-505F-4998-AE6E-B3E1BEA04913}"
EndProject
Global
	GlobalSection(SolutionConfigurationPlatforms) = preSolution
		Debug|Any CPU = Debug|Any CPU
		Release|Any CPU = Release|Any CPU
	EndGlobalSection
	GlobalSection(ProjectConfigurationPlatforms) = postSolution
		{19E6E686-505F-4998-AE6E-B3E1BEA04913}.Debug|Any CPU.ActiveCfg = Debug|Any CPU
		{19E6E686-505F-4998-AE6E-B3E1BEA04913}.Debug|Any CPU.Build.0 = Debug|Any CPU
		{19E6E686-505F-4998-AE6E-B3E1BEA04913}.Release|Any CPU.ActiveCfg = Release|Any CPU
		{19E6E686-505F-4998-AE6E-B3E1BEA04913}.Release|Any CPU.Build.0 = Release|Any CPU
	EndGlobalSection
	GlobalSection(SolutionProperties) = preSolution
		HideSolutionNode = FALSE
	EndGlobalSection
	GlobalSection(ExtensibilityGlobals) = postSolution
		SolutionGuid = {C4B1B89B-B4B4-4779-9D94-2F063A75755D}
	EndGlobalSection
EndGlobal
