
Microsoft Visual Studio Solution File, Format Version 12.00
# Visual Studio 15
VisualStudioVersion = 15.0.28010.2036
MinimumVisualStudioVersion = 10.0.40219.1
Project("{FAE04EC0-301F-11D3-BF4B-00C04F79EFBC}") = "CarExercise", "CarExercise\CarExercise.csproj", "{BBC38C30-7170-4A75-9444-256407344B38}"
EndProject
Global
	GlobalSection(SolutionConfigurationPlatforms) = preSolution
		Debug|Any CPU = Debug|Any CPU
		Release|Any CPU = Release|Any CPU
	EndGlobalSection
	GlobalSection(ProjectConfigurationPlatforms) = postSolution
		{BBC38C30-7170-4A75-9444-256407344B38}.Debug|Any CPU.ActiveCfg = Debug|Any CPU
		{BBC38C30-7170-4A75-9444-256407344B38}.Debug|Any CPU.Build.0 = Debug|Any CPU
		{BBC38C30-7170-4A75-9444-256407344B38}.Release|Any CPU.ActiveCfg = Release|Any CPU
		{BBC38C30-7170-4A75-9444-256407344B38}.Release|Any CPU.Build.0 = Release|Any CPU
	EndGlobalSection
	GlobalSection(SolutionProperties) = preSolution
		HideSolutionNode = FALSE
	EndGlobalSection
	GlobalSection(ExtensibilityGlobals) = postSolution
		SolutionGuid = {828F3E4D-AA1C-4BCF-8395-F708DDF544EE}
	EndGlobalSection
EndGlobal
