
Microsoft Visual Studio Solution File, Format Version 12.00
# Visual Studio 15
VisualStudioVersion = 15.0.28307.645
MinimumVisualStudioVersion = 10.0.40219.1
Project("{FAE04EC0-301F-11D3-BF4B-00C04F79EFBC}") = "FunctionsForTest", "FunctionsForTest\FunctionsForTest.csproj", "{43D49613-F7FA-46AD-BDEA-1D949EA53480}"
EndProject
Global
	GlobalSection(SolutionConfigurationPlatforms) = preSolution
		Debug|Any CPU = Debug|Any CPU
		Release|Any CPU = Release|Any CPU
	EndGlobalSection
	GlobalSection(ProjectConfigurationPlatforms) = postSolution
		{43D49613-F7FA-46AD-BDEA-1D949EA53480}.Debug|Any CPU.ActiveCfg = Debug|Any CPU
		{43D49613-F7FA-46AD-BDEA-1D949EA53480}.Debug|Any CPU.Build.0 = Debug|Any CPU
		{43D49613-F7FA-46AD-BDEA-1D949EA53480}.Release|Any CPU.ActiveCfg = Release|Any CPU
		{43D49613-F7FA-46AD-BDEA-1D949EA53480}.Release|Any CPU.Build.0 = Release|Any CPU
	EndGlobalSection
	GlobalSection(SolutionProperties) = preSolution
		HideSolutionNode = FALSE
	EndGlobalSection
	GlobalSection(ExtensibilityGlobals) = postSolution
		SolutionGuid = {F908FEFB-16F1-4475-8D6C-3A688BA63D75}
	EndGlobalSection
EndGlobal
